
Microsoft Visual Studio Solution File, Format Version 12.00
# Visual Studio 15
VisualStudioVersion = 15.0.27004.2008
MinimumVisualStudioVersion = 10.0.40219.1
Project("{FAE04EC0-301F-11D3-BF4B-00C04F79EFBC}") = "FuelASP", "FuelASP\FuelASP.csproj", "{970C6A51-38F6-4A31-B8AF-5C336F61C652}"
EndProject
Global
	GlobalSection(SolutionConfigurationPlatforms) = preSolution
		Debug|Any CPU = Debug|Any CPU
		Release|Any CPU = Release|Any CPU
	EndGlobalSection
	GlobalSection(ProjectConfigurationPlatforms) = postSolution
		{970C6A51-38F6-4A31-B8AF-5C336F61C652}.Debug|Any CPU.ActiveCfg = Debug|Any CPU
		{970C6A51-38F6-4A31-B8AF-5C336F61C652}.Debug|Any CPU.Build.0 = Debug|Any CPU
		{970C6A51-38F6-4A31-B8AF-5C336F61C652}.Release|Any CPU.ActiveCfg = Release|Any CPU
		{970C6A51-38F6-4A31-B8AF-5C336F61C652}.Release|Any CPU.Build.0 = Release|Any CPU
	EndGlobalSection
	GlobalSection(SolutionProperties) = preSolution
		HideSolutionNode = FALSE
	EndGlobalSection
	GlobalSection(ExtensibilityGlobals) = postSolution
		SolutionGuid = {565BE286-B6FF-402B-B146-9BB8BA4FBAB3}
	EndGlobalSection
EndGlobal
